// !$*UTF8*$!
{
	archiveVersion = 1;
	classes = {
	};
	objectVersion = 56;
	objects = {

/* Begin PBXBuildFile section */
		040296932B9B3FD700CEC711 /* Final_ProjectApp.swift in Sources */ = {isa = PBXBuildFile; fileRef = 040296922B9B3FD700CEC711 /* Final_ProjectApp.swift */; };
		040296952B9B3FD700CEC711 /* ContentView.swift in Sources */ = {isa = PBXBuildFile; fileRef = 040296942B9B3FD700CEC711 /* ContentView.swift */; };
		040296972B9B3FD800CEC711 /* Assets.xcassets in Resources */ = {isa = PBXBuildFile; fileRef = 040296962B9B3FD800CEC711 /* Assets.xcassets */; };
		0402969A2B9B3FD800CEC711 /* Preview Assets.xcassets in Resources */ = {isa = PBXBuildFile; fileRef = 040296992B9B3FD800CEC711 /* Preview Assets.xcassets */; };
		044F91CB2BAB1609004758DA /* LogoAndButtonView.swift in Sources */ = {isa = PBXBuildFile; fileRef = 044F91CA2BAB1609004758DA /* LogoAndButtonView.swift */; };
		044F91CD2BAB1625004758DA /* SignUpTextFieldsView.swift in Sources */ = {isa = PBXBuildFile; fileRef = 044F91CC2BAB1625004758DA /* SignUpTextFieldsView.swift */; };
		044F91CF2BAB1646004758DA /* ChooseLanguageView.swift in Sources */ = {isa = PBXBuildFile; fileRef = 044F91CE2BAB1646004758DA /* ChooseLanguageView.swift */; };
		044F91D12BAB165F004758DA /* Demo?View.swift in Sources */ = {isa = PBXBuildFile; fileRef = 044F91D02BAB165F004758DA /* Demo?View.swift */; };
		044F91D32BAB1674004758DA /* HomeView.swift in Sources */ = {isa = PBXBuildFile; fileRef = 044F91D22BAB1674004758DA /* HomeView.swift */; };
		044F91D72BAB16BD004758DA /* MatchingView.swift in Sources */ = {isa = PBXBuildFile; fileRef = 044F91D62BAB16BD004758DA /* MatchingView.swift */; };
		044F91D92BAB1BBC004758DA /* DefinitionCardView.swift in Sources */ = {isa = PBXBuildFile; fileRef = 044F91D82BAB1BBC004758DA /* DefinitionCardView.swift */; };
		044F91DF2BAB1C0F004758DA /* FlashCardView.swift in Sources */ = {isa = PBXBuildFile; fileRef = 044F91DE2BAB1C0F004758DA /* FlashCardView.swift */; };
		044F91E42BAF9EC0004758DA /* User.swift in Sources */ = {isa = PBXBuildFile; fileRef = 044F91E32BAF9EC0004758DA /* User.swift */; };
		044F91E82BBC3EEF004758DA /* GoogleService-Info.plist in Resources */ = {isa = PBXBuildFile; fileRef = 044F91E72BBC3EEF004758DA /* GoogleService-Info.plist */; };
		044F91EA2BD3FBA3004758DA /* SignUpTextFieldsBoxView.swift in Sources */ = {isa = PBXBuildFile; fileRef = 044F91E92BD3FBA3004758DA /* SignUpTextFieldsBoxView.swift */; };
		044F91EC2BD451D0004758DA /* LogInTextFieldsView.swift in Sources */ = {isa = PBXBuildFile; fileRef = 044F91EB2BD451D0004758DA /* LogInTextFieldsView.swift */; };
		044F91F22BD45752004758DA /* SettingsView.swift in Sources */ = {isa = PBXBuildFile; fileRef = 044F91ED2BD45751004758DA /* SettingsView.swift */; };
		044F91F32BD45752004758DA /* CardView.swift in Sources */ = {isa = PBXBuildFile; fileRef = 044F91EE2BD45751004758DA /* CardView.swift */; };
		044F91F42BD45752004758DA /* Counting.swift in Sources */ = {isa = PBXBuildFile; fileRef = 044F91EF2BD45751004758DA /* Counting.swift */; };
		044F91F52BD45752004758DA /* Card.swift in Sources */ = {isa = PBXBuildFile; fileRef = 044F91F02BD45752004758DA /* Card.swift */; };
		044F91F62BD45752004758DA /* EditCards.swift in Sources */ = {isa = PBXBuildFile; fileRef = 044F91F12BD45752004758DA /* EditCards.swift */; };
		044F91F82BD45D33004758DA /* FlashCardSetsView.swift in Sources */ = {isa = PBXBuildFile; fileRef = 044F91F72BD45D33004758DA /* FlashCardSetsView.swift */; };
		044F91FA2BD46778004758DA /* FlashCardSet.swift in Sources */ = {isa = PBXBuildFile; fileRef = 044F91F92BD46778004758DA /* FlashCardSet.swift */; };
		044F91FC2BD7153D004758DA /* ChooseLanguageBoxView.swift in Sources */ = {isa = PBXBuildFile; fileRef = 044F91FB2BD7153D004758DA /* ChooseLanguageBoxView.swift */; };
		04B024A52BD72AA70014BA19 /* Language.swift in Sources */ = {isa = PBXBuildFile; fileRef = 04B024A42BD72AA70014BA19 /* Language.swift */; };
		04B024A72BD731700014BA19 /* progressStepsView.swift in Sources */ = {isa = PBXBuildFile; fileRef = 04B024A62BD731700014BA19 /* progressStepsView.swift */; };
		3E0D31C32BE28104002649A9 /* GoogleService-Info.plist in Resources */ = {isa = PBXBuildFile; fileRef = 3E0D31C22BE28104002649A9 /* GoogleService-Info.plist */; };
		3E6E4A512BDFBD9D00D085C9 /* Translate.swift in Sources */ = {isa = PBXBuildFile; fileRef = 3E6E4A502BDFBD9D00D085C9 /* Translate.swift */; };
		4DB30826D596A479652485B5 /* Pods_Final_Project.framework in Frameworks */ = {isa = PBXBuildFile; fileRef = B4951F07E6E8BEBD3CE25A4E /* Pods_Final_Project.framework */; };
		593E09AD2BECEF86003889AA /* DropdownView.swift in Sources */ = {isa = PBXBuildFile; fileRef = 593E09AC2BECEF86003889AA /* DropdownView.swift */; };
		59BBDF072BC8064500767958 /* Constants.swift in Sources */ = {isa = PBXBuildFile; fileRef = 59BBDF062BC8064500767958 /* Constants.swift */; };
		59BBDF092BC968DC00767958 /* HomeScrollView.swift in Sources */ = {isa = PBXBuildFile; fileRef = 59BBDF082BC968DC00767958 /* HomeScrollView.swift */; };
		59C7D2A82BAB163500AECA61 /* Message.swift in Sources */ = {isa = PBXBuildFile; fileRef = 59C7D2A72BAB163500AECA61 /* Message.swift */; };
		59C7D2AA2BAB166100AECA61 /* ChatViewModel.swift in Sources */ = {isa = PBXBuildFile; fileRef = 59C7D2A92BAB166100AECA61 /* ChatViewModel.swift */; };
		59C7D2AC2BAB169C00AECA61 /* MessageView.swift in Sources */ = {isa = PBXBuildFile; fileRef = 59C7D2AB2BAB169C00AECA61 /* MessageView.swift */; };
		59C7D2AE2BAB17B500AECA61 /* ChatView.swift in Sources */ = {isa = PBXBuildFile; fileRef = 59C7D2AD2BAB17B500AECA61 /* ChatView.swift */; };
		59C7D2B12BAB1C7100AECA61 /* DatabaseManager.swift in Sources */ = {isa = PBXBuildFile; fileRef = 59C7D2B02BAB1C7100AECA61 /* DatabaseManager.swift */; };
		59C7D2B32BAB1C9200AECA61 /* AuthManager.swift in Sources */ = {isa = PBXBuildFile; fileRef = 59C7D2B22BAB1C9200AECA61 /* AuthManager.swift */; };
		59F04D602BDA9B7300FA7094 /* StartMessagingView.swift in Sources */ = {isa = PBXBuildFile; fileRef = 59F04D5F2BDA9B7300FA7094 /* StartMessagingView.swift */; };
		59F04D622BDA9C9C00FA7094 /* CreateChatView.swift in Sources */ = {isa = PBXBuildFile; fileRef = 59F04D612BDA9C9C00FA7094 /* CreateChatView.swift */; };
		59F04D642BDA9CC800FA7094 /* JoinChatView.swift in Sources */ = {isa = PBXBuildFile; fileRef = 59F04D632BDA9CC800FA7094 /* JoinChatView.swift */; };
/* End PBXBuildFile section */

/* Begin PBXFileReference section */
		0402968F2B9B3FD700CEC711 /* Final Project.app */ = {isa = PBXFileReference; explicitFileType = wrapper.application; includeInIndex = 0; path = "Final Project.app"; sourceTree = BUILT_PRODUCTS_DIR; };
		040296922B9B3FD700CEC711 /* Final_ProjectApp.swift */ = {isa = PBXFileReference; lastKnownFileType = sourcecode.swift; path = Final_ProjectApp.swift; sourceTree = "<group>"; };
		040296942B9B3FD700CEC711 /* ContentView.swift */ = {isa = PBXFileReference; lastKnownFileType = sourcecode.swift; path = ContentView.swift; sourceTree = "<group>"; };
		040296962B9B3FD800CEC711 /* Assets.xcassets */ = {isa = PBXFileReference; lastKnownFileType = folder.assetcatalog; path = Assets.xcassets; sourceTree = "<group>"; };
		040296992B9B3FD800CEC711 /* Preview Assets.xcassets */ = {isa = PBXFileReference; lastKnownFileType = folder.assetcatalog; path = "Preview Assets.xcassets"; sourceTree = "<group>"; };
		044F91CA2BAB1609004758DA /* LogoAndButtonView.swift */ = {isa = PBXFileReference; lastKnownFileType = sourcecode.swift; path = LogoAndButtonView.swift; sourceTree = "<group>"; };
		044F91CC2BAB1625004758DA /* SignUpTextFieldsView.swift */ = {isa = PBXFileReference; lastKnownFileType = sourcecode.swift; path = SignUpTextFieldsView.swift; sourceTree = "<group>"; };
		044F91CE2BAB1646004758DA /* ChooseLanguageView.swift */ = {isa = PBXFileReference; lastKnownFileType = sourcecode.swift; path = ChooseLanguageView.swift; sourceTree = "<group>"; };
		044F91D02BAB165F004758DA /* Demo?View.swift */ = {isa = PBXFileReference; lastKnownFileType = sourcecode.swift; path = "Demo?View.swift"; sourceTree = "<group>"; };
		044F91D22BAB1674004758DA /* HomeView.swift */ = {isa = PBXFileReference; lastKnownFileType = sourcecode.swift; path = HomeView.swift; sourceTree = "<group>"; };
		044F91D62BAB16BD004758DA /* MatchingView.swift */ = {isa = PBXFileReference; lastKnownFileType = sourcecode.swift; path = MatchingView.swift; sourceTree = "<group>"; };
		044F91D82BAB1BBC004758DA /* DefinitionCardView.swift */ = {isa = PBXFileReference; lastKnownFileType = sourcecode.swift; path = DefinitionCardView.swift; sourceTree = "<group>"; };
		044F91DE2BAB1C0F004758DA /* FlashCardView.swift */ = {isa = PBXFileReference; lastKnownFileType = sourcecode.swift; path = FlashCardView.swift; sourceTree = "<group>"; };
		044F91E32BAF9EC0004758DA /* User.swift */ = {isa = PBXFileReference; lastKnownFileType = sourcecode.swift; path = User.swift; sourceTree = "<group>"; };
		044F91E92BD3FBA3004758DA /* SignUpTextFieldsBoxView.swift */ = {isa = PBXFileReference; lastKnownFileType = sourcecode.swift; path = SignUpTextFieldsBoxView.swift; sourceTree = "<group>"; };
		044F91EB2BD451D0004758DA /* LogInTextFieldsView.swift */ = {isa = PBXFileReference; lastKnownFileType = sourcecode.swift; path = LogInTextFieldsView.swift; sourceTree = "<group>"; };
		044F91ED2BD45751004758DA /* SettingsView.swift */ = {isa = PBXFileReference; fileEncoding = 4; lastKnownFileType = sourcecode.swift; path = SettingsView.swift; sourceTree = "<group>"; };
		044F91EE2BD45751004758DA /* CardView.swift */ = {isa = PBXFileReference; fileEncoding = 4; lastKnownFileType = sourcecode.swift; path = CardView.swift; sourceTree = "<group>"; };
		044F91EF2BD45751004758DA /* Counting.swift */ = {isa = PBXFileReference; fileEncoding = 4; lastKnownFileType = sourcecode.swift; path = Counting.swift; sourceTree = "<group>"; };
		044F91F02BD45752004758DA /* Card.swift */ = {isa = PBXFileReference; fileEncoding = 4; lastKnownFileType = sourcecode.swift; path = Card.swift; sourceTree = "<group>"; };
		044F91F12BD45752004758DA /* EditCards.swift */ = {isa = PBXFileReference; fileEncoding = 4; lastKnownFileType = sourcecode.swift; path = EditCards.swift; sourceTree = "<group>"; };
		044F91F72BD45D33004758DA /* FlashCardSetsView.swift */ = {isa = PBXFileReference; lastKnownFileType = sourcecode.swift; path = FlashCardSetsView.swift; sourceTree = "<group>"; };
		044F91F92BD46778004758DA /* FlashCardSet.swift */ = {isa = PBXFileReference; lastKnownFileType = sourcecode.swift; path = FlashCardSet.swift; sourceTree = "<group>"; };
		044F91FB2BD7153D004758DA /* ChooseLanguageBoxView.swift */ = {isa = PBXFileReference; lastKnownFileType = sourcecode.swift; path = ChooseLanguageBoxView.swift; sourceTree = "<group>"; };
		04B024A42BD72AA70014BA19 /* Language.swift */ = {isa = PBXFileReference; lastKnownFileType = sourcecode.swift; path = Language.swift; sourceTree = "<group>"; };
		04B024A62BD731700014BA19 /* progressStepsView.swift */ = {isa = PBXFileReference; lastKnownFileType = sourcecode.swift; path = progressStepsView.swift; sourceTree = "<group>"; };
		3E0D31C22BE28104002649A9 /* GoogleService-Info.plist */ = {isa = PBXFileReference; fileEncoding = 4; lastKnownFileType = text.plist.xml; name = "GoogleService-Info.plist"; path = "../../../Downloads/GoogleService-Info.plist"; sourceTree = "<group>"; };
		3E6E4A502BDFBD9D00D085C9 /* Translate.swift */ = {isa = PBXFileReference; lastKnownFileType = sourcecode.swift; path = Translate.swift; sourceTree = "<group>"; };
		593E09AC2BECEF86003889AA /* DropdownView.swift */ = {isa = PBXFileReference; lastKnownFileType = sourcecode.swift; path = DropdownView.swift; sourceTree = "<group>"; };
		59BBDF062BC8064500767958 /* Constants.swift */ = {isa = PBXFileReference; lastKnownFileType = sourcecode.swift; path = Constants.swift; sourceTree = "<group>"; };
		59BBDF082BC968DC00767958 /* HomeScrollView.swift */ = {isa = PBXFileReference; lastKnownFileType = sourcecode.swift; path = HomeScrollView.swift; sourceTree = "<group>"; };
		59C7D2A72BAB163500AECA61 /* Message.swift */ = {isa = PBXFileReference; lastKnownFileType = sourcecode.swift; path = Message.swift; sourceTree = "<group>"; };
		59C7D2A92BAB166100AECA61 /* ChatViewModel.swift */ = {isa = PBXFileReference; lastKnownFileType = sourcecode.swift; path = ChatViewModel.swift; sourceTree = "<group>"; };
		59C7D2AB2BAB169C00AECA61 /* MessageView.swift */ = {isa = PBXFileReference; lastKnownFileType = sourcecode.swift; path = MessageView.swift; sourceTree = "<group>"; };
		59C7D2AD2BAB17B500AECA61 /* ChatView.swift */ = {isa = PBXFileReference; lastKnownFileType = sourcecode.swift; path = ChatView.swift; sourceTree = "<group>"; };
		59C7D2B02BAB1C7100AECA61 /* DatabaseManager.swift */ = {isa = PBXFileReference; lastKnownFileType = sourcecode.swift; path = DatabaseManager.swift; sourceTree = "<group>"; };
		59C7D2B22BAB1C9200AECA61 /* AuthManager.swift */ = {isa = PBXFileReference; lastKnownFileType = sourcecode.swift; path = AuthManager.swift; sourceTree = "<group>"; };
		59F04D5F2BDA9B7300FA7094 /* StartMessagingView.swift */ = {isa = PBXFileReference; lastKnownFileType = sourcecode.swift; path = StartMessagingView.swift; sourceTree = "<group>"; };
		59F04D612BDA9C9C00FA7094 /* CreateChatView.swift */ = {isa = PBXFileReference; lastKnownFileType = sourcecode.swift; path = CreateChatView.swift; sourceTree = "<group>"; };
		59F04D632BDA9CC800FA7094 /* JoinChatView.swift */ = {isa = PBXFileReference; lastKnownFileType = sourcecode.swift; path = JoinChatView.swift; sourceTree = "<group>"; };
		60C4565472E78A6CB70FA01B /* Pods-Final Project.debug.xcconfig */ = {isa = PBXFileReference; includeInIndex = 1; lastKnownFileType = text.xcconfig; name = "Pods-Final Project.debug.xcconfig"; path = "Target Support Files/Pods-Final Project/Pods-Final Project.debug.xcconfig"; sourceTree = "<group>"; };
		B4951F07E6E8BEBD3CE25A4E /* Pods_Final_Project.framework */ = {isa = PBXFileReference; explicitFileType = wrapper.framework; includeInIndex = 0; path = Pods_Final_Project.framework; sourceTree = BUILT_PRODUCTS_DIR; };
		F0E174BFF3270C987635601D /* Pods-Final Project.release.xcconfig */ = {isa = PBXFileReference; includeInIndex = 1; lastKnownFileType = text.xcconfig; name = "Pods-Final Project.release.xcconfig"; path = "Target Support Files/Pods-Final Project/Pods-Final Project.release.xcconfig"; sourceTree = "<group>"; };
/* End PBXFileReference section */

/* Begin PBXFrameworksBuildPhase section */
		0402968C2B9B3FD700CEC711 /* Frameworks */ = {
			isa = PBXFrameworksBuildPhase;
			buildActionMask = 2147483647;
			files = (
				4DB30826D596A479652485B5 /* Pods_Final_Project.framework in Frameworks */,
			);
			runOnlyForDeploymentPostprocessing = 0;
		};
/* End PBXFrameworksBuildPhase section */

/* Begin PBXGroup section */
		040296862B9B3FD700CEC711 = {
			isa = PBXGroup;
			children = (
				593E09AC2BECEF86003889AA /* DropdownView.swift */,
				040296912B9B3FD700CEC711 /* Final Project */,
				040296902B9B3FD700CEC711 /* Products */,
				D77DB0AE596C5F8F881D52B0 /* Pods */,
				490DE2919D867DCC5DF92497 /* Frameworks */,
			);
			sourceTree = "<group>";
		};
		040296902B9B3FD700CEC711 /* Products */ = {
			isa = PBXGroup;
			children = (
				0402968F2B9B3FD700CEC711 /* Final Project.app */,
			);
			name = Products;
			sourceTree = "<group>";
		};
		040296912B9B3FD700CEC711 /* Final Project */ = {
			isa = PBXGroup;
			children = (
				040296922B9B3FD700CEC711 /* Final_ProjectApp.swift */,
				59C7D2AF2BAB1C5000AECA61 /* Managers */,
				044F91C92BAB1592004758DA /* Objects */,
				044F91C82BAB1584004758DA /* Views */,
				040296962B9B3FD800CEC711 /* Assets.xcassets */,
				3E0D31C22BE28104002649A9 /* GoogleService-Info.plist */,
				040296982B9B3FD800CEC711 /* Preview Content */,
				59BBDF062BC8064500767958 /* Constants.swift */,
			);
			path = "Final Project";
			sourceTree = "<group>";
		};
		040296982B9B3FD800CEC711 /* Preview Content */ = {
			isa = PBXGroup;
			children = (
				040296992B9B3FD800CEC711 /* Preview Assets.xcassets */,
			);
			path = "Preview Content";
			sourceTree = "<group>";
		};
		044F91C82BAB1584004758DA /* Views */ = {
			isa = PBXGroup;
			children = (
				040296942B9B3FD700CEC711 /* ContentView.swift */,
				044F91E02BAB1C36004758DA /* Start */,
				044F91D42BAB1682004758DA /* Home */,
				044F91D52BAB16A3004758DA /* Messaging */,
				044F91DD2BAB1BFE004758DA /* Flashcards */,
			);
			path = Views;
			sourceTree = "<group>";
		};
		044F91C92BAB1592004758DA /* Objects */ = {
			isa = PBXGroup;
			children = (
				044F91E32BAF9EC0004758DA /* User.swift */,
			);
			path = Objects;
			sourceTree = "<group>";
		};
		044F91D42BAB1682004758DA /* Home */ = {
			isa = PBXGroup;
			children = (
				044F91D02BAB165F004758DA /* Demo?View.swift */,
				044F91D22BAB1674004758DA /* HomeView.swift */,
				59BBDF082BC968DC00767958 /* HomeScrollView.swift */,
			);
			path = Home;
			sourceTree = "<group>";
		};
		044F91D52BAB16A3004758DA /* Messaging */ = {
			isa = PBXGroup;
			children = (
				59C7D2A72BAB163500AECA61 /* Message.swift */,
				59C7D2A92BAB166100AECA61 /* ChatViewModel.swift */,
				59F04D5F2BDA9B7300FA7094 /* StartMessagingView.swift */,
				59F04D612BDA9C9C00FA7094 /* CreateChatView.swift */,
				59F04D632BDA9CC800FA7094 /* JoinChatView.swift */,
				59C7D2AD2BAB17B500AECA61 /* ChatView.swift */,
				59C7D2AB2BAB169C00AECA61 /* MessageView.swift */,
				3E6E4A502BDFBD9D00D085C9 /* Translate.swift */,
				044F91D62BAB16BD004758DA /* MatchingView.swift */,
				044F91D82BAB1BBC004758DA /* DefinitionCardView.swift */,
			);
			path = Messaging;
			sourceTree = "<group>";
		};
		044F91DD2BAB1BFE004758DA /* Flashcards */ = {
			isa = PBXGroup;
			children = (
				044F91F02BD45752004758DA /* Card.swift */,
				044F91EF2BD45751004758DA /* Counting.swift */,
				044F91F92BD46778004758DA /* FlashCardSet.swift */,
				044F91EE2BD45751004758DA /* CardView.swift */,
				044F91F12BD45752004758DA /* EditCards.swift */,
				044F91ED2BD45751004758DA /* SettingsView.swift */,
				044F91DE2BAB1C0F004758DA /* FlashCardView.swift */,
				044F91F72BD45D33004758DA /* FlashCardSetsView.swift */,
			);
			path = Flashcards;
			sourceTree = "<group>";
		};
		044F91E02BAB1C36004758DA /* Start */ = {
			isa = PBXGroup;
			children = (
				044F91CA2BAB1609004758DA /* LogoAndButtonView.swift */,
				04B024A62BD731700014BA19 /* progressStepsView.swift */,
				04B024A22BD72A7F0014BA19 /* SignUp */,
				04B024A32BD72A940014BA19 /* ChooseLanguage */,
			);
			path = Start;
			sourceTree = "<group>";
		};
		04B024A22BD72A7F0014BA19 /* SignUp */ = {
			isa = PBXGroup;
			children = (
				044F91E92BD3FBA3004758DA /* SignUpTextFieldsBoxView.swift */,
				044F91CC2BAB1625004758DA /* SignUpTextFieldsView.swift */,
				044F91EB2BD451D0004758DA /* LogInTextFieldsView.swift */,
			);
			path = SignUp;
			sourceTree = "<group>";
		};
		04B024A32BD72A940014BA19 /* ChooseLanguage */ = {
			isa = PBXGroup;
			children = (
				04B024A42BD72AA70014BA19 /* Language.swift */,
				044F91CE2BAB1646004758DA /* ChooseLanguageView.swift */,
				044F91FB2BD7153D004758DA /* ChooseLanguageBoxView.swift */,
			);
			path = ChooseLanguage;
			sourceTree = "<group>";
		};
		490DE2919D867DCC5DF92497 /* Frameworks */ = {
			isa = PBXGroup;
			children = (
				B4951F07E6E8BEBD3CE25A4E /* Pods_Final_Project.framework */,
			);
			name = Frameworks;
			sourceTree = "<group>";
		};
		59C7D2AF2BAB1C5000AECA61 /* Managers */ = {
			isa = PBXGroup;
			children = (
				59C7D2B02BAB1C7100AECA61 /* DatabaseManager.swift */,
				59C7D2B22BAB1C9200AECA61 /* AuthManager.swift */,
			);
			path = Managers;
			sourceTree = "<group>";
		};
		D77DB0AE596C5F8F881D52B0 /* Pods */ = {
			isa = PBXGroup;
			children = (
				60C4565472E78A6CB70FA01B /* Pods-Final Project.debug.xcconfig */,
				F0E174BFF3270C987635601D /* Pods-Final Project.release.xcconfig */,
			);
			path = Pods;
			sourceTree = "<group>";
		};
/* End PBXGroup section */

/* Begin PBXNativeTarget section */
		0402968E2B9B3FD700CEC711 /* Final Project */ = {
			isa = PBXNativeTarget;
			buildConfigurationList = 0402969D2B9B3FD800CEC711 /* Build configuration list for PBXNativeTarget "Final Project" */;
			buildPhases = (
				86C22B5FD72C9DFFC9D4A890 /* [CP] Check Pods Manifest.lock */,
				0402968B2B9B3FD700CEC711 /* Sources */,
				0402968C2B9B3FD700CEC711 /* Frameworks */,
				0402968D2B9B3FD700CEC711 /* Resources */,
				44ECD9CCBA0DC64AEEF77BAF /* [CP] Embed Pods Frameworks */,
			);
			buildRules = (
			);
			dependencies = (
			);
			name = "Final Project";
			productName = "Final Project";
			productReference = 0402968F2B9B3FD700CEC711 /* Final Project.app */;
			productType = "com.apple.product-type.application";
		};
/* End PBXNativeTarget section */

/* Begin PBXProject section */
		040296872B9B3FD700CEC711 /* Project object */ = {
			isa = PBXProject;
			attributes = {
				BuildIndependentTargetsInParallel = 1;
				LastSwiftUpdateCheck = 1430;
				LastUpgradeCheck = 1430;
				TargetAttributes = {
					0402968E2B9B3FD700CEC711 = {
						CreatedOnToolsVersion = 14.3.1;
					};
				};
			};
			buildConfigurationList = 0402968A2B9B3FD700CEC711 /* Build configuration list for PBXProject "Final Project" */;
			compatibilityVersion = "Xcode 14.0";
			developmentRegion = en;
			hasScannedForEncodings = 0;
			knownRegions = (
				en,
				Base,
			);
			mainGroup = 040296862B9B3FD700CEC711;
			productRefGroup = 040296902B9B3FD700CEC711 /* Products */;
			projectDirPath = "";
			projectRoot = "";
			targets = (
				0402968E2B9B3FD700CEC711 /* Final Project */,
			);
		};
/* End PBXProject section */

/* Begin PBXResourcesBuildPhase section */
		0402968D2B9B3FD700CEC711 /* Resources */ = {
			isa = PBXResourcesBuildPhase;
			buildActionMask = 2147483647;
			files = (
				0402969A2B9B3FD800CEC711 /* Preview Assets.xcassets in Resources */,
				040296972B9B3FD800CEC711 /* Assets.xcassets in Resources */,
				3E0D31C32BE28104002649A9 /* GoogleService-Info.plist in Resources */,
			);
			runOnlyForDeploymentPostprocessing = 0;
		};
/* End PBXResourcesBuildPhase section */

/* Begin PBXShellScriptBuildPhase section */
		44ECD9CCBA0DC64AEEF77BAF /* [CP] Embed Pods Frameworks */ = {
			isa = PBXShellScriptBuildPhase;
			buildActionMask = 2147483647;
			files = (
			);
			inputFileListPaths = (
				"${PODS_ROOT}/Target Support Files/Pods-Final Project/Pods-Final Project-frameworks-${CONFIGURATION}-input-files.xcfilelist",
			);
			name = "[CP] Embed Pods Frameworks";
			outputFileListPaths = (
				"${PODS_ROOT}/Target Support Files/Pods-Final Project/Pods-Final Project-frameworks-${CONFIGURATION}-output-files.xcfilelist",
			);
			runOnlyForDeploymentPostprocessing = 0;
			shellPath = /bin/sh;
			shellScript = "\"${PODS_ROOT}/Target Support Files/Pods-Final Project/Pods-Final Project-frameworks.sh\"\n";
			showEnvVarsInLog = 0;
		};
		86C22B5FD72C9DFFC9D4A890 /* [CP] Check Pods Manifest.lock */ = {
			isa = PBXShellScriptBuildPhase;
			buildActionMask = 2147483647;
			files = (
			);
			inputFileListPaths = (
			);
			inputPaths = (
				"${PODS_PODFILE_DIR_PATH}/Podfile.lock",
				"${PODS_ROOT}/Manifest.lock",
			);
			name = "[CP] Check Pods Manifest.lock";
			outputFileListPaths = (
			);
			outputPaths = (
				"$(DERIVED_FILE_DIR)/Pods-Final Project-checkManifestLockResult.txt",
			);
			runOnlyForDeploymentPostprocessing = 0;
			shellPath = /bin/sh;
			shellScript = "diff \"${PODS_PODFILE_DIR_PATH}/Podfile.lock\" \"${PODS_ROOT}/Manifest.lock\" > /dev/null\nif [ $? != 0 ] ; then\n    # print error to STDERR\n    echo \"error: The sandbox is not in sync with the Podfile.lock. Run 'pod install' or update your CocoaPods installation.\" >&2\n    exit 1\nfi\n# This output is used by Xcode 'outputs' to avoid re-running this script phase.\necho \"SUCCESS\" > \"${SCRIPT_OUTPUT_FILE_0}\"\n";
			showEnvVarsInLog = 0;
		};
/* End PBXShellScriptBuildPhase section */

/* Begin PBXSourcesBuildPhase section */
		0402968B2B9B3FD700CEC711 /* Sources */ = {
			isa = PBXSourcesBuildPhase;
			buildActionMask = 2147483647;
			files = (
				044F91F42BD45752004758DA /* Counting.swift in Sources */,
				59C7D2A82BAB163500AECA61 /* Message.swift in Sources */,
				044F91F52BD45752004758DA /* Card.swift in Sources */,
				044F91F62BD45752004758DA /* EditCards.swift in Sources */,
				59BBDF072BC8064500767958 /* Constants.swift in Sources */,
				593E09AD2BECEF86003889AA /* DropdownView.swift in Sources */,
				59C7D2B32BAB1C9200AECA61 /* AuthManager.swift in Sources */,
				040296952B9B3FD700CEC711 /* ContentView.swift in Sources */,
				59C7D2AA2BAB166100AECA61 /* ChatViewModel.swift in Sources */,
				59C7D2AE2BAB17B500AECA61 /* ChatView.swift in Sources */,
				044F91FA2BD46778004758DA /* FlashCardSet.swift in Sources */,
				59C7D2AC2BAB169C00AECA61 /* MessageView.swift in Sources */,
				59C7D2B12BAB1C7100AECA61 /* DatabaseManager.swift in Sources */,
				044F91FC2BD7153D004758DA /* ChooseLanguageBoxView.swift in Sources */,
				044F91DF2BAB1C0F004758DA /* FlashCardView.swift in Sources */,
				044F91D32BAB1674004758DA /* HomeView.swift in Sources */,
				044F91D92BAB1BBC004758DA /* DefinitionCardView.swift in Sources */,
				044F91CB2BAB1609004758DA /* LogoAndButtonView.swift in Sources */,
				044F91EA2BD3FBA3004758DA /* SignUpTextFieldsBoxView.swift in Sources */,
				044F91D72BAB16BD004758DA /* MatchingView.swift in Sources */,
				59BBDF092BC968DC00767958 /* HomeScrollView.swift in Sources */,
				044F91CF2BAB1646004758DA /* ChooseLanguageView.swift in Sources */,
				04B024A52BD72AA70014BA19 /* Language.swift in Sources */,
				59F04D642BDA9CC800FA7094 /* JoinChatView.swift in Sources */,
				044F91E42BAF9EC0004758DA /* User.swift in Sources */,
				044F91CD2BAB1625004758DA /* SignUpTextFieldsView.swift in Sources */,
				3E6E4A512BDFBD9D00D085C9 /* Translate.swift in Sources */,
				044F91F82BD45D33004758DA /* FlashCardSetsView.swift in Sources */,
				044F91F32BD45752004758DA /* CardView.swift in Sources */,
				59F04D602BDA9B7300FA7094 /* StartMessagingView.swift in Sources */,
				040296932B9B3FD700CEC711 /* Final_ProjectApp.swift in Sources */,
				044F91EC2BD451D0004758DA /* LogInTextFieldsView.swift in Sources */,
				04B024A72BD731700014BA19 /* progressStepsView.swift in Sources */,
				59F04D622BDA9C9C00FA7094 /* CreateChatView.swift in Sources */,
				044F91D12BAB165F004758DA /* Demo?View.swift in Sources */,
				044F91F22BD45752004758DA /* SettingsView.swift in Sources */,
			);
			runOnlyForDeploymentPostprocessing = 0;
		};
/* End PBXSourcesBuildPhase section */

/* Begin XCBuildConfiguration section */
		0402969B2B9B3FD800CEC711 /* Debug */ = {
			isa = XCBuildConfiguration;
			buildSettings = {
				ALWAYS_SEARCH_USER_PATHS = NO;
				CLANG_ANALYZER_NONNULL = YES;
				CLANG_ANALYZER_NUMBER_OBJECT_CONVERSION = YES_AGGRESSIVE;
				CLANG_CXX_LANGUAGE_STANDARD = "gnu++20";
				CLANG_ENABLE_MODULES = YES;
				CLANG_ENABLE_OBJC_ARC = YES;
				CLANG_ENABLE_OBJC_WEAK = YES;
				CLANG_WARN_BLOCK_CAPTURE_AUTORELEASING = YES;
				CLANG_WARN_BOOL_CONVERSION = YES;
				CLANG_WARN_COMMA = YES;
				CLANG_WARN_CONSTANT_CONVERSION = YES;
				CLANG_WARN_DEPRECATED_OBJC_IMPLEMENTATIONS = YES;
				CLANG_WARN_DIRECT_OBJC_ISA_USAGE = YES_ERROR;
				CLANG_WARN_DOCUMENTATION_COMMENTS = YES;
				CLANG_WARN_EMPTY_BODY = YES;
				CLANG_WARN_ENUM_CONVERSION = YES;
				CLANG_WARN_INFINITE_RECURSION = YES;
				CLANG_WARN_INT_CONVERSION = YES;
				CLANG_WARN_NON_LITERAL_NULL_CONVERSION = YES;
				CLANG_WARN_OBJC_IMPLICIT_RETAIN_SELF = YES;
				CLANG_WARN_OBJC_LITERAL_CONVERSION = YES;
				CLANG_WARN_OBJC_ROOT_CLASS = YES_ERROR;
				CLANG_WARN_QUOTED_INCLUDE_IN_FRAMEWORK_HEADER = YES;
				CLANG_WARN_RANGE_LOOP_ANALYSIS = YES;
				CLANG_WARN_STRICT_PROTOTYPES = YES;
				CLANG_WARN_SUSPICIOUS_MOVE = YES;
				CLANG_WARN_UNGUARDED_AVAILABILITY = YES_AGGRESSIVE;
				CLANG_WARN_UNREACHABLE_CODE = YES;
				CLANG_WARN__DUPLICATE_METHOD_MATCH = YES;
				COPY_PHASE_STRIP = NO;
				DEBUG_INFORMATION_FORMAT = dwarf;
				ENABLE_STRICT_OBJC_MSGSEND = YES;
				ENABLE_TESTABILITY = YES;
				GCC_C_LANGUAGE_STANDARD = gnu11;
				GCC_DYNAMIC_NO_PIC = NO;
				GCC_NO_COMMON_BLOCKS = YES;
				GCC_OPTIMIZATION_LEVEL = 0;
				GCC_PREPROCESSOR_DEFINITIONS = (
					"DEBUG=1",
					"$(inherited)",
				);
				GCC_WARN_64_TO_32_BIT_CONVERSION = YES;
				GCC_WARN_ABOUT_RETURN_TYPE = YES_ERROR;
				GCC_WARN_UNDECLARED_SELECTOR = YES;
				GCC_WARN_UNINITIALIZED_AUTOS = YES_AGGRESSIVE;
				GCC_WARN_UNUSED_FUNCTION = YES;
				GCC_WARN_UNUSED_VARIABLE = YES;
				IPHONEOS_DEPLOYMENT_TARGET = 16.4;
				MTL_ENABLE_DEBUG_INFO = INCLUDE_SOURCE;
				MTL_FAST_MATH = YES;
				ONLY_ACTIVE_ARCH = YES;
				SDKROOT = iphoneos;
				SWIFT_ACTIVE_COMPILATION_CONDITIONS = DEBUG;
				SWIFT_OPTIMIZATION_LEVEL = "-Onone";
			};
			name = Debug;
		};
		0402969C2B9B3FD800CEC711 /* Release */ = {
			isa = XCBuildConfiguration;
			buildSettings = {
				ALWAYS_SEARCH_USER_PATHS = NO;
				CLANG_ANALYZER_NONNULL = YES;
				CLANG_ANALYZER_NUMBER_OBJECT_CONVERSION = YES_AGGRESSIVE;
				CLANG_CXX_LANGUAGE_STANDARD = "gnu++20";
				CLANG_ENABLE_MODULES = YES;
				CLANG_ENABLE_OBJC_ARC = YES;
				CLANG_ENABLE_OBJC_WEAK = YES;
				CLANG_WARN_BLOCK_CAPTURE_AUTORELEASING = YES;
				CLANG_WARN_BOOL_CONVERSION = YES;
				CLANG_WARN_COMMA = YES;
				CLANG_WARN_CONSTANT_CONVERSION = YES;
				CLANG_WARN_DEPRECATED_OBJC_IMPLEMENTATIONS = YES;
				CLANG_WARN_DIRECT_OBJC_ISA_USAGE = YES_ERROR;
				CLANG_WARN_DOCUMENTATION_COMMENTS = YES;
				CLANG_WARN_EMPTY_BODY = YES;
				CLANG_WARN_ENUM_CONVERSION = YES;
				CLANG_WARN_INFINITE_RECURSION = YES;
				CLANG_WARN_INT_CONVERSION = YES;
				CLANG_WARN_NON_LITERAL_NULL_CONVERSION = YES;
				CLANG_WARN_OBJC_IMPLICIT_RETAIN_SELF = YES;
				CLANG_WARN_OBJC_LITERAL_CONVERSION = YES;
				CLANG_WARN_OBJC_ROOT_CLASS = YES_ERROR;
				CLANG_WARN_QUOTED_INCLUDE_IN_FRAMEWORK_HEADER = YES;
				CLANG_WARN_RANGE_LOOP_ANALYSIS = YES;
				CLANG_WARN_STRICT_PROTOTYPES = YES;
				CLANG_WARN_SUSPICIOUS_MOVE = YES;
				CLANG_WARN_UNGUARDED_AVAILABILITY = YES_AGGRESSIVE;
				CLANG_WARN_UNREACHABLE_CODE = YES;
				CLANG_WARN__DUPLICATE_METHOD_MATCH = YES;
				COPY_PHASE_STRIP = NO;
				DEBUG_INFORMATION_FORMAT = "dwarf-with-dsym";
				ENABLE_NS_ASSERTIONS = NO;
				ENABLE_STRICT_OBJC_MSGSEND = YES;
				GCC_C_LANGUAGE_STANDARD = gnu11;
				GCC_NO_COMMON_BLOCKS = YES;
				GCC_WARN_64_TO_32_BIT_CONVERSION = YES;
				GCC_WARN_ABOUT_RETURN_TYPE = YES_ERROR;
				GCC_WARN_UNDECLARED_SELECTOR = YES;
				GCC_WARN_UNINITIALIZED_AUTOS = YES_AGGRESSIVE;
				GCC_WARN_UNUSED_FUNCTION = YES;
				GCC_WARN_UNUSED_VARIABLE = YES;
				IPHONEOS_DEPLOYMENT_TARGET = 16.4;
				MTL_ENABLE_DEBUG_INFO = NO;
				MTL_FAST_MATH = YES;
				SDKROOT = iphoneos;
				SWIFT_COMPILATION_MODE = wholemodule;
				SWIFT_OPTIMIZATION_LEVEL = "-O";
				VALIDATE_PRODUCT = YES;
			};
			name = Release;
		};
		0402969E2B9B3FD800CEC711 /* Debug */ = {
			isa = XCBuildConfiguration;
			baseConfigurationReference = 60C4565472E78A6CB70FA01B /* Pods-Final Project.debug.xcconfig */;
			buildSettings = {
				ASSETCATALOG_COMPILER_APPICON_NAME = AppIcon;
				ASSETCATALOG_COMPILER_GLOBAL_ACCENT_COLOR_NAME = AccentColor;
				CODE_SIGN_STYLE = Automatic;
				CURRENT_PROJECT_VERSION = 1;
				DEVELOPMENT_ASSET_PATHS = "\"Final Project/Preview Content\"";
				DEVELOPMENT_TEAM = 6KA258KQG7;
				ENABLE_PREVIEWS = YES;
				GENERATE_INFOPLIST_FILE = YES;
				INFOPLIST_KEY_UIApplicationSceneManifest_Generation = YES;
				INFOPLIST_KEY_UIApplicationSupportsIndirectInputEvents = YES;
				INFOPLIST_KEY_UILaunchScreen_Generation = YES;
				INFOPLIST_KEY_UISupportedInterfaceOrientations_iPad = "UIInterfaceOrientationPortrait UIInterfaceOrientationPortraitUpsideDown UIInterfaceOrientationLandscapeLeft UIInterfaceOrientationLandscapeRight";
				INFOPLIST_KEY_UISupportedInterfaceOrientations_iPhone = "UIInterfaceOrientationPortrait UIInterfaceOrientationLandscapeLeft UIInterfaceOrientationLandscapeRight";
				LD_RUNPATH_SEARCH_PATHS = (
					"$(inherited)",
					"@executable_path/Frameworks",
				);
				MARKETING_VERSION = 1.0;
				PRODUCT_BUNDLE_IDENTIFIER = "Mati-Okutsu.Final-Project";
				PRODUCT_NAME = "$(TARGET_NAME)";
				SWIFT_EMIT_LOC_STRINGS = YES;
				SWIFT_VERSION = 5.0;
				TARGETED_DEVICE_FAMILY = "1,2";
			};
			name = Debug;
		};
		0402969F2B9B3FD800CEC711 /* Release */ = {
			isa = XCBuildConfiguration;
			baseConfigurationReference = F0E174BFF3270C987635601D /* Pods-Final Project.release.xcconfig */;
			buildSettings = {
				ASSETCATALOG_COMPILER_APPICON_NAME = AppIcon;
				ASSETCATALOG_COMPILER_GLOBAL_ACCENT_COLOR_NAME = AccentColor;
				CODE_SIGN_STYLE = Automatic;
				CURRENT_PROJECT_VERSION = 1;
				DEVELOPMENT_ASSET_PATHS = "\"Final Project/Preview Content\"";
				DEVELOPMENT_TEAM = 6KA258KQG7;
				ENABLE_PREVIEWS = YES;
				GENERATE_INFOPLIST_FILE = YES;
				INFOPLIST_KEY_UIApplicationSceneManifest_Generation = YES;
				INFOPLIST_KEY_UIApplicationSupportsIndirectInputEvents = YES;
				INFOPLIST_KEY_UILaunchScreen_Generation = YES;
				INFOPLIST_KEY_UISupportedInterfaceOrientations_iPad = "UIInterfaceOrientationPortrait UIInterfaceOrientationPortraitUpsideDown UIInterfaceOrientationLandscapeLeft UIInterfaceOrientationLandscapeRight";
				INFOPLIST_KEY_UISupportedInterfaceOrientations_iPhone = "UIInterfaceOrientationPortrait UIInterfaceOrientationLandscapeLeft UIInterfaceOrientationLandscapeRight";
				LD_RUNPATH_SEARCH_PATHS = (
					"$(inherited)",
					"@executable_path/Frameworks",
				);
				MARKETING_VERSION = 1.0;
				PRODUCT_BUNDLE_IDENTIFIER = "Mati-Okutsu.Final-Project";
				PRODUCT_NAME = "$(TARGET_NAME)";
				SWIFT_EMIT_LOC_STRINGS = YES;
				SWIFT_VERSION = 5.0;
				TARGETED_DEVICE_FAMILY = "1,2";
			};
			name = Release;
		};
/* End XCBuildConfiguration section */

/* Begin XCConfigurationList section */
		0402968A2B9B3FD700CEC711 /* Build configuration list for PBXProject "Final Project" */ = {
			isa = XCConfigurationList;
			buildConfigurations = (
				0402969B2B9B3FD800CEC711 /* Debug */,
				0402969C2B9B3FD800CEC711 /* Release */,
			);
			defaultConfigurationIsVisible = 0;
			defaultConfigurationName = Release;
		};
		0402969D2B9B3FD800CEC711 /* Build configuration list for PBXNativeTarget "Final Project" */ = {
			isa = XCConfigurationList;
			buildConfigurations = (
				0402969E2B9B3FD800CEC711 /* Debug */,
				0402969F2B9B3FD800CEC711 /* Release */,
			);
			defaultConfigurationIsVisible = 0;
			defaultConfigurationName = Release;
		};
/* End XCConfigurationList section */
	};
	rootObject = 040296872B9B3FD700CEC711 /* Project object */;
}
